
Microsoft Visual Studio Solution File, Format Version 12.00
# Visual Studio Version 17
VisualStudioVersion = 17.8.34511.84
MinimumVisualStudioVersion = 10.0.40219.1
Project("{FAE04EC0-301F-11D3-BF4B-00C04F79EFBC}") = "FirstDesktopApp", "FirstDesktopApp\FirstDesktopApp.csproj", "{0FB81652-5D1B-4307-8F19-5252226D4334}"
EndProject
Project("{FAE04EC0-301F-11D3-BF4B-00C04F79EFBC}") = "FirstWindowsApp.Model", "FirstWindowsApp.Model\FirstWindowsApp.Model.csproj", "{424A2857-9E20-48EB-B933-769890F385FB}"
EndProject
Project("{FAE04EC0-301F-11D3-BF4B-00C04F79EFBC}") = "FirstWindowsApp.Helper", "FirstWindowsApp.Helper\FirstWindowsApp.Helper.csproj", "{FB2C6018-15AD-4DB8-AD3A-CDB478C279BC}"
EndProject
Global
	GlobalSection(SolutionConfigurationPlatforms) = preSolution
		Debug|Any CPU = Debug|Any CPU
		Release|Any CPU = Release|Any CPU
	EndGlobalSection
	GlobalSection(ProjectConfigurationPlatforms) = postSolution
		{0FB81652-5D1B-4307-8F19-5252226D4334}.Debug|Any CPU.ActiveCfg = Debug|Any CPU
		{0FB81652-5D1B-4307-8F19-5252226D4334}.Debug|Any CPU.Build.0 = Debug|Any CPU
		{0FB81652-5D1B-4307-8F19-5252226D4334}.Release|Any CPU.ActiveCfg = Release|Any CPU
		{0FB81652-5D1B-4307-8F19-5252226D4334}.Release|Any CPU.Build.0 = Release|Any CPU
		{424A2857-9E20-48EB-B933-769890F385FB}.Debug|Any CPU.ActiveCfg = Debug|Any CPU
		{424A2857-9E20-48EB-B933-769890F385FB}.Debug|Any CPU.Build.0 = Debug|Any CPU
		{424A2857-9E20-48EB-B933-769890F385FB}.Release|Any CPU.ActiveCfg = Release|Any CPU
		{424A2857-9E20-48EB-B933-769890F385FB}.Release|Any CPU.Build.0 = Release|Any CPU
		{FB2C6018-15AD-4DB8-AD3A-CDB478C279BC}.Debug|Any CPU.ActiveCfg = Debug|Any CPU
		{FB2C6018-15AD-4DB8-AD3A-CDB478C279BC}.Debug|Any CPU.Build.0 = Debug|Any CPU
		{FB2C6018-15AD-4DB8-AD3A-CDB478C279BC}.Release|Any CPU.ActiveCfg = Release|Any CPU
		{FB2C6018-15AD-4DB8-AD3A-CDB478C279BC}.Release|Any CPU.Build.0 = Release|Any CPU
	EndGlobalSection
	GlobalSection(SolutionProperties) = preSolution
		HideSolutionNode = FALSE
	EndGlobalSection
	GlobalSection(ExtensibilityGlobals) = postSolution
		SolutionGuid = {240DF87C-ADA9-42C7-801E-6C84B5247F8A}
	EndGlobalSection
EndGlobal
